
Microsoft Visual Studio Solution File, Format Version 12.00
# Visual Studio Version 16
VisualStudioVersion = 25.0.1704.0
MinimumVisualStudioVersion = 10.0.40219.1
Project("{FAE04EC0-301F-11D3-BF4B-00C04F79EFBC}") = "IAM", "IAM\IAM.csproj", "{0FA787B8-D652-4455-9793-F854BA20FB34}"
EndProject
Global
	GlobalSection(SolutionConfigurationPlatforms) = preSolution
		Debug|Any CPU = Debug|Any CPU
		Release|Any CPU = Release|Any CPU
	EndGlobalSection
	GlobalSection(ProjectConfigurationPlatforms) = postSolution
		{0FA787B8-D652-4455-9793-F854BA20FB34}.Debug|Any CPU.ActiveCfg = Debug|Any CPU
		{0FA787B8-D652-4455-9793-F854BA20FB34}.Debug|Any CPU.Build.0 = Debug|Any CPU
		{0FA787B8-D652-4455-9793-F854BA20FB34}.Release|Any CPU.ActiveCfg = Release|Any CPU
		{0FA787B8-D652-4455-9793-F854BA20FB34}.Release|Any CPU.Build.0 = Release|Any CPU
	EndGlobalSection
	GlobalSection(SolutionProperties) = preSolution
		HideSolutionNode = FALSE
	EndGlobalSection
	GlobalSection(ExtensibilityGlobals) = postSolution
		SolutionGuid = {59731945-1F45-45EE-AB5A-69C956F996FF}
	EndGlobalSection
EndGlobal
